
Microsoft Visual Studio Solution File, Format Version 12.00
# Visual Studio Version 17
VisualStudioVersion = 17.0.31903.59
MinimumVisualStudioVersion = 10.0.40219.1
Project("{FAE04EC0-301F-11D3-BF4B-00C04F79EFBC}") = "AOC2022.Day9.CLI", "CLI\AOC2022.Day9.CLI.csproj", "{F184359A-1428-41EE-B918-202FF8AB8918}"
EndProject
Project("{FAE04EC0-301F-11D3-BF4B-00C04F79EFBC}") = "AOC2022.Day9.Ropebridge", "Ropebridge\AOC2022.Day9.Ropebridge.csproj", "{172E339A-C353-4515-BE8F-3CCC0C4D7C71}"
EndProject
Project("{FAE04EC0-301F-11D3-BF4B-00C04F79EFBC}") = "AOC2022.Day9.Ropebridge.Tests", "Ropebridge.Tests\AOC2022.Day9.Ropebridge.Tests.csproj", "{72A44FA0-19B3-4B8C-8394-FE56A5ACE1A9}"
EndProject
Global
	GlobalSection(SolutionConfigurationPlatforms) = preSolution
		Debug|Any CPU = Debug|Any CPU
		Release|Any CPU = Release|Any CPU
	EndGlobalSection
	GlobalSection(SolutionProperties) = preSolution
		HideSolutionNode = FALSE
	EndGlobalSection
	GlobalSection(ProjectConfigurationPlatforms) = postSolution
		{F184359A-1428-41EE-B918-202FF8AB8918}.Debug|Any CPU.ActiveCfg = Debug|Any CPU
		{F184359A-1428-41EE-B918-202FF8AB8918}.Debug|Any CPU.Build.0 = Debug|Any CPU
		{F184359A-1428-41EE-B918-202FF8AB8918}.Release|Any CPU.ActiveCfg = Release|Any CPU
		{F184359A-1428-41EE-B918-202FF8AB8918}.Release|Any CPU.Build.0 = Release|Any CPU
		{172E339A-C353-4515-BE8F-3CCC0C4D7C71}.Debug|Any CPU.ActiveCfg = Debug|Any CPU
		{172E339A-C353-4515-BE8F-3CCC0C4D7C71}.Debug|Any CPU.Build.0 = Debug|Any CPU
		{172E339A-C353-4515-BE8F-3CCC0C4D7C71}.Release|Any CPU.ActiveCfg = Release|Any CPU
		{172E339A-C353-4515-BE8F-3CCC0C4D7C71}.Release|Any CPU.Build.0 = Release|Any CPU
		{72A44FA0-19B3-4B8C-8394-FE56A5ACE1A9}.Debug|Any CPU.ActiveCfg = Debug|Any CPU
		{72A44FA0-19B3-4B8C-8394-FE56A5ACE1A9}.Debug|Any CPU.Build.0 = Debug|Any CPU
		{72A44FA0-19B3-4B8C-8394-FE56A5ACE1A9}.Release|Any CPU.ActiveCfg = Release|Any CPU
		{72A44FA0-19B3-4B8C-8394-FE56A5ACE1A9}.Release|Any CPU.Build.0 = Release|Any CPU
	EndGlobalSection
EndGlobal
