
Microsoft Visual Studio Solution File, Format Version 12.00
# Visual Studio Version 17
VisualStudioVersion = 17.0.31903.59
MinimumVisualStudioVersion = 10.0.40219.1
Project("{FAE04EC0-301F-11D3-BF4B-00C04F79EFBC}") = "AOC2022.Day7.CLI", "CLI\AOC2022.Day7.CLI.csproj", "{698D193A-9279-479F-8D90-EF6A9E44A43E}"
EndProject
Project("{FAE04EC0-301F-11D3-BF4B-00C04F79EFBC}") = "AOC2022.Day7.SpaceOnDevice", "SpaceOnDevice\AOC2022.Day7.SpaceOnDevice.csproj", "{DB533A1A-2C87-4E32-89B0-DEF68F69977D}"
EndProject
Project("{FAE04EC0-301F-11D3-BF4B-00C04F79EFBC}") = "AOC2022.Day7.SpaceOnDevice.Tests", "SpaceOnDevice.Tests\AOC2022.Day7.SpaceOnDevice.Tests.csproj", "{E51EA8BB-1CBF-453E-B8C8-B0F30288C228}"
EndProject
Global
	GlobalSection(SolutionConfigurationPlatforms) = preSolution
		Debug|Any CPU = Debug|Any CPU
		Release|Any CPU = Release|Any CPU
	EndGlobalSection
	GlobalSection(SolutionProperties) = preSolution
		HideSolutionNode = FALSE
	EndGlobalSection
	GlobalSection(ProjectConfigurationPlatforms) = postSolution
		{698D193A-9279-479F-8D90-EF6A9E44A43E}.Debug|Any CPU.ActiveCfg = Debug|Any CPU
		{698D193A-9279-479F-8D90-EF6A9E44A43E}.Debug|Any CPU.Build.0 = Debug|Any CPU
		{698D193A-9279-479F-8D90-EF6A9E44A43E}.Release|Any CPU.ActiveCfg = Release|Any CPU
		{698D193A-9279-479F-8D90-EF6A9E44A43E}.Release|Any CPU.Build.0 = Release|Any CPU
		{DB533A1A-2C87-4E32-89B0-DEF68F69977D}.Debug|Any CPU.ActiveCfg = Debug|Any CPU
		{DB533A1A-2C87-4E32-89B0-DEF68F69977D}.Debug|Any CPU.Build.0 = Debug|Any CPU
		{DB533A1A-2C87-4E32-89B0-DEF68F69977D}.Release|Any CPU.ActiveCfg = Release|Any CPU
		{DB533A1A-2C87-4E32-89B0-DEF68F69977D}.Release|Any CPU.Build.0 = Release|Any CPU
		{E51EA8BB-1CBF-453E-B8C8-B0F30288C228}.Debug|Any CPU.ActiveCfg = Debug|Any CPU
		{E51EA8BB-1CBF-453E-B8C8-B0F30288C228}.Debug|Any CPU.Build.0 = Debug|Any CPU
		{E51EA8BB-1CBF-453E-B8C8-B0F30288C228}.Release|Any CPU.ActiveCfg = Release|Any CPU
		{E51EA8BB-1CBF-453E-B8C8-B0F30288C228}.Release|Any CPU.Build.0 = Release|Any CPU
	EndGlobalSection
EndGlobal
